
Microsoft Visual Studio Solution File, Format Version 12.00
# Visual Studio Version 17
VisualStudioVersion = 17.14.37314.3
MinimumVisualStudioVersion = 10.0.40219.1
Project("{FAE04EC0-301F-11D3-BF4B-00C04F79EFBC}") = "GenAI", "GenAI.csproj", "{610DAD2E-2B4A-D3D3-25E1-D56D33738077}"
EndProject
Global
	GlobalSection(SolutionConfigurationPlatforms) = preSolution
		Debug|Any CPU = Debug|Any CPU
		Debug|x64 = Debug|x64
		Debug|x86 = Debug|x86
		Release|Any CPU = Release|Any CPU
		Release|x64 = Release|x64
		Release|x86 = Release|x86
	EndGlobalSection
	GlobalSection(ProjectConfigurationPlatforms) = postSolution
		{610DAD2E-2B4A-D3D3-25E1-D56D33738077}.Debug|Any CPU.ActiveCfg = Debug|Any CPU
		{610DAD2E-2B4A-D3D3-25E1-D56D33738077}.Debug|Any CPU.Build.0 = Debug|Any CPU
		{610DAD2E-2B4A-D3D3-25E1-D56D33738077}.Debug|x64.ActiveCfg = Debug|Any CPU
		{610DAD2E-2B4A-D3D3-25E1-D56D33738077}.Debug|x64.Build.0 = Debug|Any CPU
		{610DAD2E-2B4A-D3D3-25E1-D56D33738077}.Debug|x86.ActiveCfg = Debug|Any CPU
		{610DAD2E-2B4A-D3D3-25E1-D56D33738077}.Debug|x86.Build.0 = Debug|Any CPU
		{610DAD2E-2B4A-D3D3-25E1-D56D33738077}.Release|Any CPU.ActiveCfg = Release|Any CPU
		{610DAD2E-2B4A-D3D3-25E1-D56D33738077}.Release|Any CPU.Build.0 = Release|Any CPU
		{610DAD2E-2B4A-D3D3-25E1-D56D33738077}.Release|x64.ActiveCfg = Release|Any CPU
		{610DAD2E-2B4A-D3D3-25E1-D56D33738077}.Release|x64.Build.0 = Release|Any CPU
		{610DAD2E-2B4A-D3D3-25E1-D56D33738077}.Release|x86.ActiveCfg = Release|Any CPU
		{610DAD2E-2B4A-D3D3-25E1-D56D33738077}.Release|x86.Build.0 = Release|Any CPU
	EndGlobalSection
	GlobalSection(SolutionProperties) = preSolution
		HideSolutionNode = FALSE
	EndGlobalSection
	GlobalSection(ExtensibilityGlobals) = postSolution
		SolutionGuid = {4A2A6E6C-3FD0-410A-BADF-730246DDC6D8}
	EndGlobalSection
EndGlobal
